// !$*UTF8*$!
{
	archiveVersion = 1;
	classes = {
	};
	objectVersion = 46;
	objects = {

/* Begin PBXBuildFile section */
		390928A31CF30E7500493172 /* GoogleService-Info.plist in Resources */ = {isa = PBXBuildFile; fileRef = 390928A21CF30E7500493172 /* GoogleService-Info.plist */; };
		390E15B61D1A837C008FDEDD /* ProfileViewController.swift in Sources */ = {isa = PBXBuildFile; fileRef = 390E15B51D1A837C008FDEDD /* ProfileViewController.swift */; };
		39176FC71D2BA808003C8DB2 /* GlobalVariable.swift in Sources */ = {isa = PBXBuildFile; fileRef = 39176FC61D2BA808003C8DB2 /* GlobalVariable.swift */; };
		391E6C011D4373CD00C2CF8D /* Utility.swift in Sources */ = {isa = PBXBuildFile; fileRef = 391E6C001D4373CD00C2CF8D /* Utility.swift */; };
		392767531C7AD9AF00A5DB93 /* AppDelegate.swift in Sources */ = {isa = PBXBuildFile; fileRef = 392767521C7AD9AF00A5DB93 /* AppDelegate.swift */; };
		392767551C7AD9AF00A5DB93 /* ViewController.swift in Sources */ = {isa = PBXBuildFile; fileRef = 392767541C7AD9AF00A5DB93 /* ViewController.swift */; };
		392767581C7AD9AF00A5DB93 /* Main.storyboard in Resources */ = {isa = PBXBuildFile; fileRef = 392767561C7AD9AF00A5DB93 /* Main.storyboard */; };
		3927675A1C7AD9AF00A5DB93 /* Assets.xcassets in Resources */ = {isa = PBXBuildFile; fileRef = 392767591C7AD9AF00A5DB93 /* Assets.xcassets */; };
		3927675D1C7AD9AF00A5DB93 /* LaunchScreen.storyboard in Resources */ = {isa = PBXBuildFile; fileRef = 3927675B1C7AD9AF00A5DB93 /* LaunchScreen.storyboard */; };
		3928EE8C1CED74050065A9EF /* SignupViewController.swift in Sources */ = {isa = PBXBuildFile; fileRef = 3928EE8B1CED74050065A9EF /* SignupViewController.swift */; };
		3940EE671CE8409900293067 /* LoginViewController.swift in Sources */ = {isa = PBXBuildFile; fileRef = 3940EE661CE8409900293067 /* LoginViewController.swift */; };
		395A40A31C81437A00ED11C5 /* Default-568h@2x.png in Resources */ = {isa = PBXBuildFile; fileRef = 395A40A01C81437A00ED11C5 /* Default-568h@2x.png */; };
		395A40A41C81437A00ED11C5 /* Default-667h@2x.png in Resources */ = {isa = PBXBuildFile; fileRef = 395A40A11C81437A00ED11C5 /* Default-667h@2x.png */; };
		395A40A51C81437A00ED11C5 /* Default-736h@3x.png in Resources */ = {isa = PBXBuildFile; fileRef = 395A40A21C81437A00ED11C5 /* Default-736h@3x.png */; };
		395A40AA1C81500D00ED11C5 /* ListTableViewCell.swift in Sources */ = {isa = PBXBuildFile; fileRef = 395A40A81C81500D00ED11C5 /* ListTableViewCell.swift */; };
		395A40AB1C81500D00ED11C5 /* ListTableViewCell.xib in Resources */ = {isa = PBXBuildFile; fileRef = 395A40A91C81500D00ED11C5 /* ListTableViewCell.xib */; };
		395A40AE1C8151DD00ED11C5 /* ListViewController.swift in Sources */ = {isa = PBXBuildFile; fileRef = 395A40AD1C8151DD00ED11C5 /* ListViewController.swift */; };
		6431D06EBCC5BCEFB5B35F7D /* Pods_SampleFirebase.framework in Frameworks */ = {isa = PBXBuildFile; fileRef = F0E841C4AFCAF12003CAE50B /* Pods_SampleFirebase.framework */; };
/* End PBXBuildFile section */

/* Begin PBXFileReference section */
		04468F72978B9AF5F328D20B /* Pods_SampleFirebaseUITests.framework */ = {isa = PBXFileReference; explicitFileType = wrapper.framework; includeInIndex = 0; path = Pods_SampleFirebaseUITests.framework; sourceTree = BUILT_PRODUCTS_DIR; };
		22D580FFB9D9CBC518BF511A /* Pods-SampleFirebase.debug.xcconfig */ = {isa = PBXFileReference; includeInIndex = 1; lastKnownFileType = text.xcconfig; name = "Pods-SampleFirebase.debug.xcconfig"; path = "Pods/Target Support Files/Pods-SampleFirebase/Pods-SampleFirebase.debug.xcconfig"; sourceTree = "<group>"; };
		390928A21CF30E7500493172 /* GoogleService-Info.plist */ = {isa = PBXFileReference; fileEncoding = 4; lastKnownFileType = text.plist.xml; path = "GoogleService-Info.plist"; sourceTree = "<group>"; };
		390E15B51D1A837C008FDEDD /* ProfileViewController.swift */ = {isa = PBXFileReference; fileEncoding = 4; lastKnownFileType = sourcecode.swift; path = ProfileViewController.swift; sourceTree = "<group>"; };
		39176FC61D2BA808003C8DB2 /* GlobalVariable.swift */ = {isa = PBXFileReference; fileEncoding = 4; lastKnownFileType = sourcecode.swift; path = GlobalVariable.swift; sourceTree = "<group>"; };
		391E6C001D4373CD00C2CF8D /* Utility.swift */ = {isa = PBXFileReference; fileEncoding = 4; lastKnownFileType = sourcecode.swift; path = Utility.swift; sourceTree = "<group>"; };
		3927674F1C7AD9AF00A5DB93 /* SampleFirebase.app */ = {isa = PBXFileReference; explicitFileType = wrapper.application; includeInIndex = 0; path = SampleFirebase.app; sourceTree = BUILT_PRODUCTS_DIR; };
		392767521C7AD9AF00A5DB93 /* AppDelegate.swift */ = {isa = PBXFileReference; lastKnownFileType = sourcecode.swift; path = AppDelegate.swift; sourceTree = "<group>"; };
		392767541C7AD9AF00A5DB93 /* ViewController.swift */ = {isa = PBXFileReference; lastKnownFileType = sourcecode.swift; path = ViewController.swift; sourceTree = "<group>"; };
		392767571C7AD9AF00A5DB93 /* Base */ = {isa = PBXFileReference; lastKnownFileType = file.storyboard; name = Base; path = Base.lproj/Main.storyboard; sourceTree = "<group>"; };
		392767591C7AD9AF00A5DB93 /* Assets.xcassets */ = {isa = PBXFileReference; lastKnownFileType = folder.assetcatalog; path = Assets.xcassets; sourceTree = "<group>"; };
		3927675C1C7AD9AF00A5DB93 /* Base */ = {isa = PBXFileReference; lastKnownFileType = file.storyboard; name = Base; path = Base.lproj/LaunchScreen.storyboard; sourceTree = "<group>"; };
		3927675E1C7AD9AF00A5DB93 /* Info.plist */ = {isa = PBXFileReference; lastKnownFileType = text.plist.xml; path = Info.plist; sourceTree = "<group>"; };
		392767671C7AD9AF00A5DB93 /* SampleFirebaseTests.swift */ = {isa = PBXFileReference; lastKnownFileType = sourcecode.swift; path = SampleFirebaseTests.swift; sourceTree = "<group>"; };
		392767691C7AD9AF00A5DB93 /* Info.plist */ = {isa = PBXFileReference; lastKnownFileType = text.plist.xml; path = Info.plist; sourceTree = "<group>"; };
		392767721C7AD9AF00A5DB93 /* SampleFirebaseUITests.swift */ = {isa = PBXFileReference; lastKnownFileType = sourcecode.swift; path = SampleFirebaseUITests.swift; sourceTree = "<group>"; };
		392767741C7AD9AF00A5DB93 /* Info.plist */ = {isa = PBXFileReference; lastKnownFileType = text.plist.xml; path = Info.plist; sourceTree = "<group>"; };
		3928EE8B1CED74050065A9EF /* SignupViewController.swift */ = {isa = PBXFileReference; fileEncoding = 4; lastKnownFileType = sourcecode.swift; path = SignupViewController.swift; sourceTree = "<group>"; };
		3940EE661CE8409900293067 /* LoginViewController.swift */ = {isa = PBXFileReference; fileEncoding = 4; lastKnownFileType = sourcecode.swift; path = LoginViewController.swift; sourceTree = "<group>"; };
		395A40A01C81437A00ED11C5 /* Default-568h@2x.png */ = {isa = PBXFileReference; lastKnownFileType = image.png; path = "Default-568h@2x.png"; sourceTree = "<group>"; };
		395A40A11C81437A00ED11C5 /* Default-667h@2x.png */ = {isa = PBXFileReference; lastKnownFileType = image.png; path = "Default-667h@2x.png"; sourceTree = "<group>"; };
		395A40A21C81437A00ED11C5 /* Default-736h@3x.png */ = {isa = PBXFileReference; lastKnownFileType = image.png; path = "Default-736h@3x.png"; sourceTree = "<group>"; };
		395A40A81C81500D00ED11C5 /* ListTableViewCell.swift */ = {isa = PBXFileReference; fileEncoding = 4; lastKnownFileType = sourcecode.swift; path = ListTableViewCell.swift; sourceTree = "<group>"; };
		395A40A91C81500D00ED11C5 /* ListTableViewCell.xib */ = {isa = PBXFileReference; fileEncoding = 4; lastKnownFileType = file.xib; path = ListTableViewCell.xib; sourceTree = "<group>"; };
		395A40AD1C8151DD00ED11C5 /* ListViewController.swift */ = {isa = PBXFileReference; fileEncoding = 4; lastKnownFileType = sourcecode.swift; path = ListViewController.swift; sourceTree = "<group>"; };
		54910877D65260CE531370A0 /* Pods_SampleFirebaseTests.framework */ = {isa = PBXFileReference; explicitFileType = wrapper.framework; includeInIndex = 0; path = Pods_SampleFirebaseTests.framework; sourceTree = BUILT_PRODUCTS_DIR; };
		6F2A0EB4F8895D1C0A421D8A /* Pods-SampleFirebase.release.xcconfig */ = {isa = PBXFileReference; includeInIndex = 1; lastKnownFileType = text.xcconfig; name = "Pods-SampleFirebase.release.xcconfig"; path = "Pods/Target Support Files/Pods-SampleFirebase/Pods-SampleFirebase.release.xcconfig"; sourceTree = "<group>"; };
		F0E841C4AFCAF12003CAE50B /* Pods_SampleFirebase.framework */ = {isa = PBXFileReference; explicitFileType = wrapper.framework; includeInIndex = 0; path = Pods_SampleFirebase.framework; sourceTree = BUILT_PRODUCTS_DIR; };
/* End PBXFileReference section */

/* Begin PBXFrameworksBuildPhase section */
		3927674C1C7AD9AF00A5DB93 /* Frameworks */ = {
			isa = PBXFrameworksBuildPhase;
			buildActionMask = 2147483647;
			files = (
				6431D06EBCC5BCEFB5B35F7D /* Pods_SampleFirebase.framework in Frameworks */,
			);
			runOnlyForDeploymentPostprocessing = 0;
		};
/* End PBXFrameworksBuildPhase section */

/* Begin PBXGroup section */
		392767461C7AD9AF00A5DB93 = {
			isa = PBXGroup;
			children = (
				5B09693A60C54B69D3957206 /* Frameworks */,
				D40A4DD98AEB0D4C07AF9308 /* Pods */,
				392767501C7AD9AF00A5DB93 /* Products */,
				392767511C7AD9AF00A5DB93 /* SampleFirebase */,
				392767661C7AD9AF00A5DB93 /* SampleFirebaseTests */,
				392767711C7AD9AF00A5DB93 /* SampleFirebaseUITests */,
			);
			sourceTree = "<group>";
		};
		392767501C7AD9AF00A5DB93 /* Products */ = {
			isa = PBXGroup;
			children = (
				3927674F1C7AD9AF00A5DB93 /* SampleFirebase.app */,
			);
			name = Products;
			sourceTree = "<group>";
		};
		392767511C7AD9AF00A5DB93 /* SampleFirebase */ = {
			isa = PBXGroup;
			children = (
				3928EE8D1CED742D0065A9EF /* Controllers */,
				395A40AC1C81509200ED11C5 /* CustomCell */,
				395A409F1C81437A00ED11C5 /* Defaults-master */,
				39C186FD1E1405DD00B70042 /* Resources */,
				39C186FE1E1405E900B70042 /* plists */,
				392767521C7AD9AF00A5DB93 /* AppDelegate.swift */,
				39176FC61D2BA808003C8DB2 /* GlobalVariable.swift */,
				391E6C001D4373CD00C2CF8D /* Utility.swift */,
			);
			path = SampleFirebase;
			sourceTree = "<group>";
		};
		392767661C7AD9AF00A5DB93 /* SampleFirebaseTests */ = {
			isa = PBXGroup;
			children = (
				392767691C7AD9AF00A5DB93 /* Info.plist */,
				392767671C7AD9AF00A5DB93 /* SampleFirebaseTests.swift */,
			);
			path = SampleFirebaseTests;
			sourceTree = "<group>";
		};
		392767711C7AD9AF00A5DB93 /* SampleFirebaseUITests */ = {
			isa = PBXGroup;
			children = (
				392767741C7AD9AF00A5DB93 /* Info.plist */,
				392767721C7AD9AF00A5DB93 /* SampleFirebaseUITests.swift */,
			);
			path = SampleFirebaseUITests;
			sourceTree = "<group>";
		};
		3928EE8D1CED742D0065A9EF /* Controllers */ = {
			isa = PBXGroup;
			children = (
				395A40AD1C8151DD00ED11C5 /* ListViewController.swift */,
				3940EE661CE8409900293067 /* LoginViewController.swift */,
				390E15B51D1A837C008FDEDD /* ProfileViewController.swift */,
				3928EE8B1CED74050065A9EF /* SignupViewController.swift */,
				392767541C7AD9AF00A5DB93 /* ViewController.swift */,
			);
			path = Controllers;
			sourceTree = "<group>";
		};
		395A409F1C81437A00ED11C5 /* Defaults-master */ = {
			isa = PBXGroup;
			children = (
				395A40A01C81437A00ED11C5 /* Default-568h@2x.png */,
				395A40A11C81437A00ED11C5 /* Default-667h@2x.png */,
				395A40A21C81437A00ED11C5 /* Default-736h@3x.png */,
			);
			path = "Defaults-master";
			sourceTree = "<group>";
		};
		395A40AC1C81509200ED11C5 /* CustomCell */ = {
			isa = PBXGroup;
			children = (
				395A40A81C81500D00ED11C5 /* ListTableViewCell.swift */,
				395A40A91C81500D00ED11C5 /* ListTableViewCell.xib */,
			);
			path = CustomCell;
			sourceTree = "<group>";
		};
		39C186FD1E1405DD00B70042 /* Resources */ = {
			isa = PBXGroup;
			children = (
				392767591C7AD9AF00A5DB93 /* Assets.xcassets */,
				3927675B1C7AD9AF00A5DB93 /* LaunchScreen.storyboard */,
				392767561C7AD9AF00A5DB93 /* Main.storyboard */,
			);
			path = Resources;
			sourceTree = "<group>";
		};
		39C186FE1E1405E900B70042 /* plists */ = {
			isa = PBXGroup;
			children = (
				390928A21CF30E7500493172 /* GoogleService-Info.plist */,
				3927675E1C7AD9AF00A5DB93 /* Info.plist */,
			);
			path = plists;
			sourceTree = "<group>";
		};
		5B09693A60C54B69D3957206 /* Frameworks */ = {
			isa = PBXGroup;
			children = (
				F0E841C4AFCAF12003CAE50B /* Pods_SampleFirebase.framework */,
				54910877D65260CE531370A0 /* Pods_SampleFirebaseTests.framework */,
				04468F72978B9AF5F328D20B /* Pods_SampleFirebaseUITests.framework */,
			);
			name = Frameworks;
			sourceTree = "<group>";
		};
		D40A4DD98AEB0D4C07AF9308 /* Pods */ = {
			isa = PBXGroup;
			children = (
				22D580FFB9D9CBC518BF511A /* Pods-SampleFirebase.debug.xcconfig */,
				6F2A0EB4F8895D1C0A421D8A /* Pods-SampleFirebase.release.xcconfig */,
			);
			name = Pods;
			sourceTree = "<group>";
		};
/* End PBXGroup section */

/* Begin PBXNativeTarget section */
		3927674E1C7AD9AF00A5DB93 /* SampleFirebase */ = {
			isa = PBXNativeTarget;
			buildConfigurationList = 392767771C7AD9AF00A5DB93 /* Build configuration list for PBXNativeTarget "SampleFirebase" */;
			buildPhases = (
				00C20E086138C66F37594915 /* [CP] Check Pods Manifest.lock */,
				3927674B1C7AD9AF00A5DB93 /* Sources */,
				3927674C1C7AD9AF00A5DB93 /* Frameworks */,
				3927674D1C7AD9AF00A5DB93 /* Resources */,
				E5068566E956F69A837FB52B /* [CP] Embed Pods Frameworks */,
				BE4C9EB81836302F7F253FE7 /* [CP] Copy Pods Resources */,
			);
			buildRules = (
			);
			dependencies = (
			);
			name = SampleFirebase;
			productName = SampleFirebase;
			productReference = 3927674F1C7AD9AF00A5DB93 /* SampleFirebase.app */;
			productType = "com.apple.product-type.application";
		};
/* End PBXNativeTarget section */

/* Begin PBXProject section */
		392767471C7AD9AF00A5DB93 /* Project object */ = {
			isa = PBXProject;
			attributes = {
				LastSwiftUpdateCheck = 0720;
				LastUpgradeCheck = 0900;
				ORGANIZATIONNAME = ShinokiRyosei;
				TargetAttributes = {
					3927674E1C7AD9AF00A5DB93 = {
						CreatedOnToolsVersion = 7.2.1;
						DevelopmentTeam = 3Q4MHTP27C;
						LastSwiftMigration = 0820;
						ProvisioningStyle = Automatic;
						SystemCapabilities = {
							com.apple.Push = {
								enabled = 1;
							};
						};
					};
				};
			};
			buildConfigurationList = 3927674A1C7AD9AF00A5DB93 /* Build configuration list for PBXProject "SampleFirebase" */;
			compatibilityVersion = "Xcode 3.2";
			developmentRegion = English;
			hasScannedForEncodings = 0;
			knownRegions = (
				en,
				Base,
			);
			mainGroup = 392767461C7AD9AF00A5DB93;
			productRefGroup = 392767501C7AD9AF00A5DB93 /* Products */;
			projectDirPath = "";
			projectRoot = "";
			targets = (
				3927674E1C7AD9AF00A5DB93 /* SampleFirebase */,
			);
		};
/* End PBXProject section */

/* Begin PBXResourcesBuildPhase section */
		3927674D1C7AD9AF00A5DB93 /* Resources */ = {
			isa = PBXResourcesBuildPhase;
			buildActionMask = 2147483647;
			files = (
				3927675D1C7AD9AF00A5DB93 /* LaunchScreen.storyboard in Resources */,
				390928A31CF30E7500493172 /* GoogleService-Info.plist in Resources */,
				395A40A31C81437A00ED11C5 /* Default-568h@2x.png in Resources */,
				3927675A1C7AD9AF00A5DB93 /* Assets.xcassets in Resources */,
				392767581C7AD9AF00A5DB93 /* Main.storyboard in Resources */,
				395A40A41C81437A00ED11C5 /* Default-667h@2x.png in Resources */,
				395A40A51C81437A00ED11C5 /* Default-736h@3x.png in Resources */,
				395A40AB1C81500D00ED11C5 /* ListTableViewCell.xib in Resources */,
			);
			runOnlyForDeploymentPostprocessing = 0;
		};
/* End PBXResourcesBuildPhase section */

/* Begin PBXShellScriptBuildPhase section */
		00C20E086138C66F37594915 /* [CP] Check Pods Manifest.lock */ = {
			isa = PBXShellScriptBuildPhase;
			buildActionMask = 2147483647;
			files = (
			);
			inputPaths = (
				"${PODS_PODFILE_DIR_PATH}/Podfile.lock",
				"${PODS_ROOT}/Manifest.lock",
			);
			name = "[CP] Check Pods Manifest.lock";
			outputPaths = (
				"$(DERIVED_FILE_DIR)/Pods-SampleFirebase-checkManifestLockResult.txt",
			);
			runOnlyForDeploymentPostprocessing = 0;
			shellPath = /bin/sh;
			shellScript = "diff \"${PODS_PODFILE_DIR_PATH}/Podfile.lock\" \"${PODS_ROOT}/Manifest.lock\" > /dev/null\nif [ $? != 0 ] ; then\n    # print error to STDERR\n    echo \"error: The sandbox is not in sync with the Podfile.lock. Run 'pod install' or update your CocoaPods installation.\" >&2\n    exit 1\nfi\n# This output is used by Xcode 'outputs' to avoid re-running this script phase.\necho \"SUCCESS\" > \"${SCRIPT_OUTPUT_FILE_0}\"\n";
			showEnvVarsInLog = 0;
		};
		BE4C9EB81836302F7F253FE7 /* [CP] Copy Pods Resources */ = {
			isa = PBXShellScriptBuildPhase;
			buildActionMask = 2147483647;
			files = (
			);
			inputPaths = (
				"${SRCROOT}/Pods/Target Support Files/Pods-SampleFirebase/Pods-SampleFirebase-resources.sh",
				"${PODS_ROOT}/TwitterKit/iOS/TwitterKit.framework/TwitterKitResources.bundle",
				"${PODS_ROOT}/TwitterKit/iOS/TwitterKit.framework/TwitterShareExtensionUIResources.bundle",
			);
			name = "[CP] Copy Pods Resources";
			outputPaths = (
				"${TARGET_BUILD_DIR}/${UNLOCALIZED_RESOURCES_FOLDER_PATH}",
			);
			runOnlyForDeploymentPostprocessing = 0;
			shellPath = /bin/sh;
			shellScript = "\"${SRCROOT}/Pods/Target Support Files/Pods-SampleFirebase/Pods-SampleFirebase-resources.sh\"\n";
			showEnvVarsInLog = 0;
		};
		E5068566E956F69A837FB52B /* [CP] Embed Pods Frameworks */ = {
			isa = PBXShellScriptBuildPhase;
			buildActionMask = 2147483647;
			files = (
			);
			inputPaths = (
				"${SRCROOT}/Pods/Target Support Files/Pods-SampleFirebase/Pods-SampleFirebase-frameworks.sh",
				"${BUILT_PRODUCTS_DIR}/Bolts/Bolts.framework",
				"${BUILT_PRODUCTS_DIR}/FBSDKCoreKit/FBSDKCoreKit.framework",
				"${BUILT_PRODUCTS_DIR}/FBSDKLoginKit/FBSDKLoginKit.framework",
				"${BUILT_PRODUCTS_DIR}/FBSDKShareKit/FBSDKShareKit.framework",
				"${BUILT_PRODUCTS_DIR}/FontAwesome.swift/FontAwesome_swift.framework",
				"${BUILT_PRODUCTS_DIR}/GTMSessionFetcher/GTMSessionFetcher.framework",
				"${BUILT_PRODUCTS_DIR}/GoogleToolboxForMac/GoogleToolboxForMac.framework",
				"${BUILT_PRODUCTS_DIR}/Protobuf/Protobuf.framework",
				"${BUILT_PRODUCTS_DIR}/leveldb-library/leveldb.framework",
				"${BUILT_PRODUCTS_DIR}/nanopb/nanopb.framework",
			);
			name = "[CP] Embed Pods Frameworks";
			outputPaths = (
				"${TARGET_BUILD_DIR}/${FRAMEWORKS_FOLDER_PATH}/Bolts.framework",
				"${TARGET_BUILD_DIR}/${FRAMEWORKS_FOLDER_PATH}/FBSDKCoreKit.framework",
				"${TARGET_BUILD_DIR}/${FRAMEWORKS_FOLDER_PATH}/FBSDKLoginKit.framework",
				"${TARGET_BUILD_DIR}/${FRAMEWORKS_FOLDER_PATH}/FBSDKShareKit.framework",
				"${TARGET_BUILD_DIR}/${FRAMEWORKS_FOLDER_PATH}/FontAwesome_swift.framework",
				"${TARGET_BUILD_DIR}/${FRAMEWORKS_FOLDER_PATH}/GTMSessionFetcher.framework",
				"${TARGET_BUILD_DIR}/${FRAMEWORKS_FOLDER_PATH}/GoogleToolboxForMac.framework",
				"${TARGET_BUILD_DIR}/${FRAMEWORKS_FOLDER_PATH}/Protobuf.framework",
				"${TARGET_BUILD_DIR}/${FRAMEWORKS_FOLDER_PATH}/leveldb.framework",
				"${TARGET_BUILD_DIR}/${FRAMEWORKS_FOLDER_PATH}/nanopb.framework",
			);
			runOnlyForDeploymentPostprocessing = 0;
			shellPath = /bin/sh;
			shellScript = "\"${SRCROOT}/Pods/Target Support Files/Pods-SampleFirebase/Pods-SampleFirebase-frameworks.sh\"\n";
			showEnvVarsInLog = 0;
		};
/* End PBXShellScriptBuildPhase section */

/* Begin PBXSourcesBuildPhase section */
		3927674B1C7AD9AF00A5DB93 /* Sources */ = {
			isa = PBXSourcesBuildPhase;
			buildActionMask = 2147483647;
			files = (
				3928EE8C1CED74050065A9EF /* SignupViewController.swift in Sources */,
				392767551C7AD9AF00A5DB93 /* ViewController.swift in Sources */,
				391E6C011D4373CD00C2CF8D /* Utility.swift in Sources */,
				395A40AE1C8151DD00ED11C5 /* ListViewController.swift in Sources */,
				392767531C7AD9AF00A5DB93 /* AppDelegate.swift in Sources */,
				390E15B61D1A837C008FDEDD /* ProfileViewController.swift in Sources */,
				3940EE671CE8409900293067 /* LoginViewController.swift in Sources */,
				39176FC71D2BA808003C8DB2 /* GlobalVariable.swift in Sources */,
				395A40AA1C81500D00ED11C5 /* ListTableViewCell.swift in Sources */,
			);
			runOnlyForDeploymentPostprocessing = 0;
		};
/* End PBXSourcesBuildPhase section */

/* Begin PBXVariantGroup section */
		392767561C7AD9AF00A5DB93 /* Main.storyboard */ = {
			isa = PBXVariantGroup;
			children = (
				392767571C7AD9AF00A5DB93 /* Base */,
			);
			name = Main.storyboard;
			path = .;
			sourceTree = "<group>";
		};
		3927675B1C7AD9AF00A5DB93 /* LaunchScreen.storyboard */ = {
			isa = PBXVariantGroup;
			children = (
				3927675C1C7AD9AF00A5DB93 /* Base */,
			);
			name = LaunchScreen.storyboard;
			path = .;
			sourceTree = "<group>";
		};
/* End PBXVariantGroup section */

/* Begin XCBuildConfiguration section */
		392767751C7AD9AF00A5DB93 /* Debug */ = {
			isa = XCBuildConfiguration;
			buildSettings = {
				ALWAYS_SEARCH_USER_PATHS = NO;
				CLANG_CXX_LANGUAGE_STANDARD = "gnu++0x";
				CLANG_CXX_LIBRARY = "libc++";
				CLANG_ENABLE_MODULES = YES;
				CLANG_ENABLE_OBJC_ARC = YES;
				CLANG_WARN_BLOCK_CAPTURE_AUTORELEASING = YES;
				CLANG_WARN_BOOL_CONVERSION = YES;
				CLANG_WARN_COMMA = YES;
				CLANG_WARN_CONSTANT_CONVERSION = YES;
				CLANG_WARN_DIRECT_OBJC_ISA_USAGE = YES_ERROR;
				CLANG_WARN_EMPTY_BODY = YES;
				CLANG_WARN_ENUM_CONVERSION = YES;
				CLANG_WARN_INFINITE_RECURSION = YES;
				CLANG_WARN_INT_CONVERSION = YES;
				CLANG_WARN_NON_LITERAL_NULL_CONVERSION = YES;
				CLANG_WARN_OBJC_LITERAL_CONVERSION = YES;
				CLANG_WARN_OBJC_ROOT_CLASS = YES_ERROR;
				CLANG_WARN_RANGE_LOOP_ANALYSIS = YES;
				CLANG_WARN_STRICT_PROTOTYPES = YES;
				CLANG_WARN_SUSPICIOUS_MOVE = YES;
				CLANG_WARN_UNREACHABLE_CODE = YES;
				CLANG_WARN__DUPLICATE_METHOD_MATCH = YES;
				"CODE_SIGN_IDENTITY[sdk=iphoneos*]" = "iPhone Developer: Ryosei Shinoki (L6HQQDT63H)";
				COPY_PHASE_STRIP = NO;
				DEBUG_INFORMATION_FORMAT = dwarf;
				ENABLE_STRICT_OBJC_MSGSEND = YES;
				ENABLE_TESTABILITY = YES;
				GCC_C_LANGUAGE_STANDARD = gnu99;
				GCC_DYNAMIC_NO_PIC = NO;
				GCC_NO_COMMON_BLOCKS = YES;
				GCC_OPTIMIZATION_LEVEL = 0;
				GCC_PREPROCESSOR_DEFINITIONS = (
					"DEBUG=1",
					"$(inherited)",
				);
				GCC_WARN_64_TO_32_BIT_CONVERSION = YES;
				GCC_WARN_ABOUT_RETURN_TYPE = YES_ERROR;
				GCC_WARN_UNDECLARED_SELECTOR = YES;
				GCC_WARN_UNINITIALIZED_AUTOS = YES_AGGRESSIVE;
				GCC_WARN_UNUSED_FUNCTION = YES;
				GCC_WARN_UNUSED_VARIABLE = YES;
				IPHONEOS_DEPLOYMENT_TARGET = 9.2;
				MTL_ENABLE_DEBUG_INFO = YES;
				ONLY_ACTIVE_ARCH = YES;
				SDKROOT = iphoneos;
				SWIFT_OPTIMIZATION_LEVEL = "-Onone";
			};
			name = Debug;
		};
		392767761C7AD9AF00A5DB93 /* Release */ = {
			isa = XCBuildConfiguration;
			buildSettings = {
				ALWAYS_SEARCH_USER_PATHS = NO;
				CLANG_CXX_LANGUAGE_STANDARD = "gnu++0x";
				CLANG_CXX_LIBRARY = "libc++";
				CLANG_ENABLE_MODULES = YES;
				CLANG_ENABLE_OBJC_ARC = YES;
				CLANG_WARN_BLOCK_CAPTURE_AUTORELEASING = YES;
				CLANG_WARN_BOOL_CONVERSION = YES;
				CLANG_WARN_COMMA = YES;
				CLANG_WARN_CONSTANT_CONVERSION = YES;
				CLANG_WARN_DIRECT_OBJC_ISA_USAGE = YES_ERROR;
				CLANG_WARN_EMPTY_BODY = YES;
				CLANG_WARN_ENUM_CONVERSION = YES;
				CLANG_WARN_INFINITE_RECURSION = YES;
				CLANG_WARN_INT_CONVERSION = YES;
				CLANG_WARN_NON_LITERAL_NULL_CONVERSION = YES;
				CLANG_WARN_OBJC_LITERAL_CONVERSION = YES;
				CLANG_WARN_OBJC_ROOT_CLASS = YES_ERROR;
				CLANG_WARN_RANGE_LOOP_ANALYSIS = YES;
				CLANG_WARN_STRICT_PROTOTYPES = YES;
				CLANG_WARN_SUSPICIOUS_MOVE = YES;
				CLANG_WARN_UNREACHABLE_CODE = YES;
				CLANG_WARN__DUPLICATE_METHOD_MATCH = YES;
				"CODE_SIGN_IDENTITY[sdk=iphoneos*]" = "iPhone Developer";
				COPY_PHASE_STRIP = NO;
				DEBUG_INFORMATION_FORMAT = "dwarf-with-dsym";
				ENABLE_NS_ASSERTIONS = NO;
				ENABLE_STRICT_OBJC_MSGSEND = YES;
				GCC_C_LANGUAGE_STANDARD = gnu99;
				GCC_NO_COMMON_BLOCKS = YES;
				GCC_WARN_64_TO_32_BIT_CONVERSION = YES;
				GCC_WARN_ABOUT_RETURN_TYPE = YES_ERROR;
				GCC_WARN_UNDECLARED_SELECTOR = YES;
				GCC_WARN_UNINITIALIZED_AUTOS = YES_AGGRESSIVE;
				GCC_WARN_UNUSED_FUNCTION = YES;
				GCC_WARN_UNUSED_VARIABLE = YES;
				IPHONEOS_DEPLOYMENT_TARGET = 9.2;
				MTL_ENABLE_DEBUG_INFO = NO;
				SDKROOT = iphoneos;
				SWIFT_OPTIMIZATION_LEVEL = "-Owholemodule";
				VALIDATE_PRODUCT = YES;
			};
			name = Release;
		};
		392767781C7AD9AF00A5DB93 /* Debug */ = {
			isa = XCBuildConfiguration;
			baseConfigurationReference = 22D580FFB9D9CBC518BF511A /* Pods-SampleFirebase.debug.xcconfig */;
			buildSettings = {
				ALWAYS_EMBED_SWIFT_STANDARD_LIBRARIES = YES;
				ASSETCATALOG_COMPILER_APPICON_NAME = AppIcon;
				CODE_SIGN_IDENTITY = "iPhone Developer: Ryosei Shinoki (L6HQQDT63H)";
				"CODE_SIGN_IDENTITY[sdk=iphoneos*]" = "iPhone Developer";
				DEVELOPMENT_TEAM = 3Q4MHTP27C;
				GCC_WARN_UNINITIALIZED_AUTOS = NO;
				INFOPLIST_FILE = SampleFirebase/plists/Info.plist;
				IPHONEOS_DEPLOYMENT_TARGET = 10.0;
				LD_RUNPATH_SEARCH_PATHS = "$(inherited) @executable_path/Frameworks";
				PRODUCT_BUNDLE_IDENTIFIER = com.litech.SampleFirebase;
				PRODUCT_NAME = "$(TARGET_NAME)";
				PROVISIONING_PROFILE = "";
				PROVISIONING_PROFILE_SPECIFIER = "";
				SWIFT_VERSION = 4.0;
			};
			name = Debug;
		};
		392767791C7AD9AF00A5DB93 /* Release */ = {
			isa = XCBuildConfiguration;
			baseConfigurationReference = 6F2A0EB4F8895D1C0A421D8A /* Pods-SampleFirebase.release.xcconfig */;
			buildSettings = {
				ALWAYS_EMBED_SWIFT_STANDARD_LIBRARIES = YES;
				ASSETCATALOG_COMPILER_APPICON_NAME = AppIcon;
				CODE_SIGN_IDENTITY = "iPhone Developer";
				"CODE_SIGN_IDENTITY[sdk=iphoneos*]" = "iPhone Developer";
				DEVELOPMENT_TEAM = 3Q4MHTP27C;
				GCC_WARN_UNINITIALIZED_AUTOS = NO;
				INFOPLIST_FILE = SampleFirebase/plists/Info.plist;
				IPHONEOS_DEPLOYMENT_TARGET = 10.0;
				LD_RUNPATH_SEARCH_PATHS = "$(inherited) @executable_path/Frameworks";
				PRODUCT_BUNDLE_IDENTIFIER = com.litech.SampleFirebase;
				PRODUCT_NAME = "$(TARGET_NAME)";
				PROVISIONING_PROFILE = "";
				SWIFT_VERSION = 4.0;
			};
			name = Release;
		};
/* End XCBuildConfiguration section */

/* Begin XCConfigurationList section */
		3927674A1C7AD9AF00A5DB93 /* Build configuration list for PBXProject "SampleFirebase" */ = {
			isa = XCConfigurationList;
			buildConfigurations = (
				392767751C7AD9AF00A5DB93 /* Debug */,
				392767761C7AD9AF00A5DB93 /* Release */,
			);
			defaultConfigurationIsVisible = 0;
			defaultConfigurationName = Release;
		};
		392767771C7AD9AF00A5DB93 /* Build configuration list for PBXNativeTarget "SampleFirebase" */ = {
			isa = XCConfigurationList;
			buildConfigurations = (
				392767781C7AD9AF00A5DB93 /* Debug */,
				392767791C7AD9AF00A5DB93 /* Release */,
			);
			defaultConfigurationIsVisible = 0;
			defaultConfigurationName = Release;
		};
/* End XCConfigurationList section */
	};
	rootObject = 392767471C7AD9AF00A5DB93 /* Project object */;
}
